// !$*UTF8*$!
{
	archiveVersion = 1;
	classes = {
	};
	objectVersion = 50;
	objects = {

/* Begin PBXBuildFile section */
		E75D92CA24DB6101008E11D3 /* AppDelegate.swift in Sources */ = {isa = PBXBuildFile; fileRef = E75D92C924DB6101008E11D3 /* AppDelegate.swift */; };
		E75D92CC24DB6101008E11D3 /* SceneDelegate.swift in Sources */ = {isa = PBXBuildFile; fileRef = E75D92CB24DB6101008E11D3 /* SceneDelegate.swift */; };
		E75D92D424DB6101008E11D3 /* Calculadora_IMC_3_0.xcdatamodeld in Sources */ = {isa = PBXBuildFile; fileRef = E75D92D224DB6101008E11D3 /* Calculadora_IMC_3_0.xcdatamodeld */; };
		E75D92D624DB6102008E11D3 /* Assets.xcassets in Resources */ = {isa = PBXBuildFile; fileRef = E75D92D524DB6102008E11D3 /* Assets.xcassets */; };
		E75D92D924DB6102008E11D3 /* LaunchScreen.storyboard in Resources */ = {isa = PBXBuildFile; fileRef = E75D92D724DB6102008E11D3 /* LaunchScreen.storyboard */; };
		E75D92E224DB6169008E11D3 /* CalculadoraView.swift in Sources */ = {isa = PBXBuildFile; fileRef = E75D92E124DB6169008E11D3 /* CalculadoraView.swift */; };
		E75D92E424DB6321008E11D3 /* BaseViewController.swift in Sources */ = {isa = PBXBuildFile; fileRef = E75D92E324DB6321008E11D3 /* BaseViewController.swift */; };
		E75D92E724DB7C97008E11D3 /* CalculadoraVC.swift in Sources */ = {isa = PBXBuildFile; fileRef = E75D92CD24DB6101008E11D3 /* CalculadoraVC.swift */; };
		E75D92EB24DB7D1F008E11D3 /* Main.storyboard in Resources */ = {isa = PBXBuildFile; fileRef = E75D92CF24DB6101008E11D3 /* Main.storyboard */; };
/* End PBXBuildFile section */

/* Begin PBXFileReference section */
		E75D92C624DB6101008E11D3 /* Calculadora IMC 3.0.app */ = {isa = PBXFileReference; explicitFileType = wrapper.application; includeInIndex = 0; path = "Calculadora IMC 3.0.app"; sourceTree = BUILT_PRODUCTS_DIR; };
		E75D92C924DB6101008E11D3 /* AppDelegate.swift */ = {isa = PBXFileReference; lastKnownFileType = sourcecode.swift; path = AppDelegate.swift; sourceTree = "<group>"; };
		E75D92CB24DB6101008E11D3 /* SceneDelegate.swift */ = {isa = PBXFileReference; lastKnownFileType = sourcecode.swift; path = SceneDelegate.swift; sourceTree = "<group>"; };
		E75D92CD24DB6101008E11D3 /* CalculadoraVC.swift */ = {isa = PBXFileReference; lastKnownFileType = sourcecode.swift; path = CalculadoraVC.swift; sourceTree = "<group>"; };
		E75D92D024DB6101008E11D3 /* Base */ = {isa = PBXFileReference; lastKnownFileType = file.storyboard; name = Base; path = Base.lproj/Main.storyboard; sourceTree = "<group>"; };
		E75D92D324DB6101008E11D3 /* Calculadora_IMC_3_0.xcdatamodel */ = {isa = PBXFileReference; lastKnownFileType = wrapper.xcdatamodel; path = Calculadora_IMC_3_0.xcdatamodel; sourceTree = "<group>"; };
		E75D92D524DB6102008E11D3 /* Assets.xcassets */ = {isa = PBXFileReference; lastKnownFileType = folder.assetcatalog; path = Assets.xcassets; sourceTree = "<group>"; };
		E75D92D824DB6102008E11D3 /* Base */ = {isa = PBXFileReference; lastKnownFileType = file.storyboard; name = Base; path = Base.lproj/LaunchScreen.storyboard; sourceTree = "<group>"; };
		E75D92DA24DB6102008E11D3 /* Info.plist */ = {isa = PBXFileReference; lastKnownFileType = text.plist.xml; path = Info.plist; sourceTree = "<group>"; };
		E75D92E124DB6169008E11D3 /* CalculadoraView.swift */ = {isa = PBXFileReference; lastKnownFileType = sourcecode.swift; path = CalculadoraView.swift; sourceTree = "<group>"; };
		E75D92E324DB6321008E11D3 /* BaseViewController.swift */ = {isa = PBXFileReference; lastKnownFileType = sourcecode.swift; path = BaseViewController.swift; sourceTree = "<group>"; };
		E75D92EA24DB7D16008E11D3 /* en */ = {isa = PBXFileReference; lastKnownFileType = text.plist.strings; name = en; path = en.lproj/Main.strings; sourceTree = "<group>"; };
/* End PBXFileReference section */

/* Begin PBXFrameworksBuildPhase section */
		E75D92C324DB6101008E11D3 /* Frameworks */ = {
			isa = PBXFrameworksBuildPhase;
			buildActionMask = 2147483647;
			files = (
			);
			runOnlyForDeploymentPostprocessing = 0;
		};
/* End PBXFrameworksBuildPhase section */

/* Begin PBXGroup section */
		E75D92BD24DB6101008E11D3 = {
			isa = PBXGroup;
			children = (
				E75D92C824DB6101008E11D3 /* Calculadora IMC 3.0 */,
				E75D92C724DB6101008E11D3 /* Products */,
			);
			sourceTree = "<group>";
		};
		E75D92C724DB6101008E11D3 /* Products */ = {
			isa = PBXGroup;
			children = (
				E75D92C624DB6101008E11D3 /* Calculadora IMC 3.0.app */,
			);
			name = Products;
			sourceTree = "<group>";
		};
		E75D92C824DB6101008E11D3 /* Calculadora IMC 3.0 */ = {
			isa = PBXGroup;
			children = (
				E75D92E024DB611D008E11D3 /* CalculadoraView */,
				E75D92C924DB6101008E11D3 /* AppDelegate.swift */,
				E75D92CB24DB6101008E11D3 /* SceneDelegate.swift */,
				E75D92CD24DB6101008E11D3 /* CalculadoraVC.swift */,
				E75D92CF24DB6101008E11D3 /* Main.storyboard */,
				E75D92D524DB6102008E11D3 /* Assets.xcassets */,
				E75D92D724DB6102008E11D3 /* LaunchScreen.storyboard */,
				E75D92DA24DB6102008E11D3 /* Info.plist */,
				E75D92D224DB6101008E11D3 /* Calculadora_IMC_3_0.xcdatamodeld */,
			);
			path = "Calculadora IMC 3.0";
			sourceTree = "<group>";
		};
		E75D92E024DB611D008E11D3 /* CalculadoraView */ = {
			isa = PBXGroup;
			children = (
				E75D92E124DB6169008E11D3 /* CalculadoraView.swift */,
				E75D92E324DB6321008E11D3 /* BaseViewController.swift */,
			);
			path = CalculadoraView;
			sourceTree = "<group>";
		};
/* End PBXGroup section */

/* Begin PBXNativeTarget section */
		E75D92C524DB6101008E11D3 /* Calculadora IMC 3.0 */ = {
			isa = PBXNativeTarget;
			buildConfigurationList = E75D92DD24DB6102008E11D3 /* Build configuration list for PBXNativeTarget "Calculadora IMC 3.0" */;
			buildPhases = (
				E75D92C224DB6101008E11D3 /* Sources */,
				E75D92C324DB6101008E11D3 /* Frameworks */,
				E75D92C424DB6101008E11D3 /* Resources */,
			);
			buildRules = (
			);
			dependencies = (
			);
			name = "Calculadora IMC 3.0";
			productName = "Calculadora IMC 3.0";
			productReference = E75D92C624DB6101008E11D3 /* Calculadora IMC 3.0.app */;
			productType = "com.apple.product-type.application";
		};
/* End PBXNativeTarget section */

/* Begin PBXProject section */
		E75D92BE24DB6101008E11D3 /* Project object */ = {
			isa = PBXProject;
			attributes = {
				LastSwiftUpdateCheck = 1160;
				LastUpgradeCheck = 1160;
				ORGANIZATIONNAME = "Vitor Gomes";
				TargetAttributes = {
					E75D92C524DB6101008E11D3 = {
						CreatedOnToolsVersion = 11.6;
					};
				};
			};
			buildConfigurationList = E75D92C124DB6101008E11D3 /* Build configuration list for PBXProject "Calculadora IMC 3.0" */;
			compatibilityVersion = "Xcode 9.3";
			developmentRegion = en;
			hasScannedForEncodings = 0;
			knownRegions = (
				en,
				Base,
			);
			mainGroup = E75D92BD24DB6101008E11D3;
			productRefGroup = E75D92C724DB6101008E11D3 /* Products */;
			projectDirPath = "";
			projectRoot = "";
			targets = (
				E75D92C524DB6101008E11D3 /* Calculadora IMC 3.0 */,
			);
		};
/* End PBXProject section */

/* Begin PBXResourcesBuildPhase section */
		E75D92C424DB6101008E11D3 /* Resources */ = {
			isa = PBXResourcesBuildPhase;
			buildActionMask = 2147483647;
			files = (
				E75D92EB24DB7D1F008E11D3 /* Main.storyboard in Resources */,
				E75D92D924DB6102008E11D3 /* LaunchScreen.storyboard in Resources */,
				E75D92D624DB6102008E11D3 /* Assets.xcassets in Resources */,
			);
			runOnlyForDeploymentPostprocessing = 0;
		};
/* End PBXResourcesBuildPhase section */

/* Begin PBXSourcesBuildPhase section */
		E75D92C224DB6101008E11D3 /* Sources */ = {
			isa = PBXSourcesBuildPhase;
			buildActionMask = 2147483647;
			files = (
				E75D92E724DB7C97008E11D3 /* CalculadoraVC.swift in Sources */,
				E75D92E224DB6169008E11D3 /* CalculadoraView.swift in Sources */,
				E75D92D424DB6101008E11D3 /* Calculadora_IMC_3_0.xcdatamodeld in Sources */,
				E75D92CA24DB6101008E11D3 /* AppDelegate.swift in Sources */,
				E75D92CC24DB6101008E11D3 /* SceneDelegate.swift in Sources */,
				E75D92E424DB6321008E11D3 /* BaseViewController.swift in Sources */,
			);
			runOnlyForDeploymentPostprocessing = 0;
		};
/* End PBXSourcesBuildPhase section */

/* Begin PBXVariantGroup section */
		E75D92CF24DB6101008E11D3 /* Main.storyboard */ = {
			isa = PBXVariantGroup;
			children = (
				E75D92D024DB6101008E11D3 /* Base */,
				E75D92EA24DB7D16008E11D3 /* en */,
			);
			name = Main.storyboard;
			sourceTree = "<group>";
		};
		E75D92D724DB6102008E11D3 /* LaunchScreen.storyboard */ = {
			isa = PBXVariantGroup;
			children = (
				E75D92D824DB6102008E11D3 /* Base */,
			);
			name = LaunchScreen.storyboard;
			sourceTree = "<group>";
		};
/* End PBXVariantGroup section */

/* Begin XCBuildConfiguration section */
		E75D92DB24DB6102008E11D3 /* Debug */ = {
			isa = XCBuildConfiguration;
			buildSettings = {
				ALWAYS_SEARCH_USER_PATHS = NO;
				CLANG_ANALYZER_NONNULL = YES;
				CLANG_ANALYZER_NUMBER_OBJECT_CONVERSION = YES_AGGRESSIVE;
				CLANG_CXX_LANGUAGE_STANDARD = "gnu++14";
				CLANG_CXX_LIBRARY = "libc++";
				CLANG_ENABLE_MODULES = YES;
				CLANG_ENABLE_OBJC_ARC = YES;
				CLANG_ENABLE_OBJC_WEAK = YES;
				CLANG_WARN_BLOCK_CAPTURE_AUTORELEASING = YES;
				CLANG_WARN_BOOL_CONVERSION = YES;
				CLANG_WARN_COMMA = YES;
				CLANG_WARN_CONSTANT_CONVERSION = YES;
				CLANG_WARN_DEPRECATED_OBJC_IMPLEMENTATIONS = YES;
				CLANG_WARN_DIRECT_OBJC_ISA_USAGE = YES_ERROR;
				CLANG_WARN_DOCUMENTATION_COMMENTS = YES;
				CLANG_WARN_EMPTY_BODY = YES;
				CLANG_WARN_ENUM_CONVERSION = YES;
				CLANG_WARN_INFINITE_RECURSION = YES;
				CLANG_WARN_INT_CONVERSION = YES;
				CLANG_WARN_NON_LITERAL_NULL_CONVERSION = YES;
				CLANG_WARN_OBJC_IMPLICIT_RETAIN_SELF = YES;
				CLANG_WARN_OBJC_LITERAL_CONVERSION = YES;
				CLANG_WARN_OBJC_ROOT_CLASS = YES_ERROR;
				CLANG_WARN_RANGE_LOOP_ANALYSIS = YES;
				CLANG_WARN_STRICT_PROTOTYPES = YES;
				CLANG_WARN_SUSPICIOUS_MOVE = YES;
				CLANG_WARN_UNGUARDED_AVAILABILITY = YES_AGGRESSIVE;
				CLANG_WARN_UNREACHABLE_CODE = YES;
				CLANG_WARN__DUPLICATE_METHOD_MATCH = YES;
				COPY_PHASE_STRIP = NO;
				DEBUG_INFORMATION_FORMAT = dwarf;
				ENABLE_STRICT_OBJC_MSGSEND = YES;
				ENABLE_TESTABILITY = YES;
				GCC_C_LANGUAGE_STANDARD = gnu11;
				GCC_DYNAMIC_NO_PIC = NO;
				GCC_NO_COMMON_BLOCKS = YES;
				GCC_OPTIMIZATION_LEVEL = 0;
				GCC_PREPROCESSOR_DEFINITIONS = (
					"DEBUG=1",
					"$(inherited)",
				);
				GCC_WARN_64_TO_32_BIT_CONVERSION = YES;
				GCC_WARN_ABOUT_RETURN_TYPE = YES_ERROR;
				GCC_WARN_UNDECLARED_SELECTOR = YES;
				GCC_WARN_UNINITIALIZED_AUTOS = YES_AGGRESSIVE;
				GCC_WARN_UNUSED_FUNCTION = YES;
				GCC_WARN_UNUSED_VARIABLE = YES;
				IPHONEOS_DEPLOYMENT_TARGET = 13.6;
				MTL_ENABLE_DEBUG_INFO = INCLUDE_SOURCE;
				MTL_FAST_MATH = YES;
				ONLY_ACTIVE_ARCH = YES;
				SDKROOT = iphoneos;
				SWIFT_ACTIVE_COMPILATION_CONDITIONS = DEBUG;
				SWIFT_OPTIMIZATION_LEVEL = "-Onone";
			};
			name = Debug;
		};
		E75D92DC24DB6102008E11D3 /* Release */ = {
			isa = XCBuildConfiguration;
			buildSettings = {
				ALWAYS_SEARCH_USER_PATHS = NO;
				CLANG_ANALYZER_NONNULL = YES;
				CLANG_ANALYZER_NUMBER_OBJECT_CONVERSION = YES_AGGRESSIVE;
				CLANG_CXX_LANGUAGE_STANDARD = "gnu++14";
				CLANG_CXX_LIBRARY = "libc++";
				CLANG_ENABLE_MODULES = YES;
				CLANG_ENABLE_OBJC_ARC = YES;
				CLANG_ENABLE_OBJC_WEAK = YES;
				CLANG_WARN_BLOCK_CAPTURE_AUTORELEASING = YES;
				CLANG_WARN_BOOL_CONVERSION = YES;
				CLANG_WARN_COMMA = YES;
				CLANG_WARN_CONSTANT_CONVERSION = YES;
				CLANG_WARN_DEPRECATED_OBJC_IMPLEMENTATIONS = YES;
				CLANG_WARN_DIRECT_OBJC_ISA_USAGE = YES_ERROR;
				CLANG_WARN_DOCUMENTATION_COMMENTS = YES;
				CLANG_WARN_EMPTY_BODY = YES;
				CLANG_WARN_ENUM_CONVERSION = YES;
				CLANG_WARN_INFINITE_RECURSION = YES;
				CLANG_WARN_INT_CONVERSION = YES;
				CLANG_WARN_NON_LITERAL_NULL_CONVERSION = YES;
				CLANG_WARN_OBJC_IMPLICIT_RETAIN_SELF = YES;
				CLANG_WARN_OBJC_LITERAL_CONVERSION = YES;
				CLANG_WARN_OBJC_ROOT_CLASS = YES_ERROR;
				CLANG_WARN_RANGE_LOOP_ANALYSIS = YES;
				CLANG_WARN_STRICT_PROTOTYPES = YES;
				CLANG_WARN_SUSPICIOUS_MOVE = YES;
				CLANG_WARN_UNGUARDED_AVAILABILITY = YES_AGGRESSIVE;
				CLANG_WARN_UNREACHABLE_CODE = YES;
				CLANG_WARN__DUPLICATE_METHOD_MATCH = YES;
				COPY_PHASE_STRIP = NO;
				DEBUG_INFORMATION_FORMAT = "dwarf-with-dsym";
				ENABLE_NS_ASSERTIONS = NO;
				ENABLE_STRICT_OBJC_MSGSEND = YES;
				GCC_C_LANGUAGE_STANDARD = gnu11;
				GCC_NO_COMMON_BLOCKS = YES;
				GCC_WARN_64_TO_32_BIT_CONVERSION = YES;
				GCC_WARN_ABOUT_RETURN_TYPE = YES_ERROR;
				GCC_WARN_UNDECLARED_SELECTOR = YES;
				GCC_WARN_UNINITIALIZED_AUTOS = YES_AGGRESSIVE;
				GCC_WARN_UNUSED_FUNCTION = YES;
				GCC_WARN_UNUSED_VARIABLE = YES;
				IPHONEOS_DEPLOYMENT_TARGET = 13.6;
				MTL_ENABLE_DEBUG_INFO = NO;
				MTL_FAST_MATH = YES;
				SDKROOT = iphoneos;
				SWIFT_COMPILATION_MODE = wholemodule;
				SWIFT_OPTIMIZATION_LEVEL = "-O";
				VALIDATE_PRODUCT = YES;
			};
			name = Release;
		};
		E75D92DE24DB6102008E11D3 /* Debug */ = {
			isa = XCBuildConfiguration;
			buildSettings = {
				ASSETCATALOG_COMPILER_APPICON_NAME = AppIcon;
				CODE_SIGN_STYLE = Automatic;
				INFOPLIST_FILE = "Calculadora IMC 3.0/Info.plist";
				LD_RUNPATH_SEARCH_PATHS = (
					"$(inherited)",
					"@executable_path/Frameworks",
				);
				PRODUCT_BUNDLE_IDENTIFIER = "gomesproductions.Calculadora-IMC-3-0";
				PRODUCT_NAME = "$(TARGET_NAME)";
				SWIFT_VERSION = 5.0;
				TARGETED_DEVICE_FAMILY = "1,2";
			};
			name = Debug;
		};
		E75D92DF24DB6102008E11D3 /* Release */ = {
			isa = XCBuildConfiguration;
			buildSettings = {
				ASSETCATALOG_COMPILER_APPICON_NAME = AppIcon;
				CODE_SIGN_STYLE = Automatic;
				INFOPLIST_FILE = "Calculadora IMC 3.0/Info.plist";
				LD_RUNPATH_SEARCH_PATHS = (
					"$(inherited)",
					"@executable_path/Frameworks",
				);
				PRODUCT_BUNDLE_IDENTIFIER = "gomesproductions.Calculadora-IMC-3-0";
				PRODUCT_NAME = "$(TARGET_NAME)";
				SWIFT_VERSION = 5.0;
				TARGETED_DEVICE_FAMILY = "1,2";
			};
			name = Release;
		};
/* End XCBuildConfiguration section */

/* Begin XCConfigurationList section */
		E75D92C124DB6101008E11D3 /* Build configuration list for PBXProject "Calculadora IMC 3.0" */ = {
			isa = XCConfigurationList;
			buildConfigurations = (
				E75D92DB24DB6102008E11D3 /* Debug */,
				E75D92DC24DB6102008E11D3 /* Release */,
			);
			defaultConfigurationIsVisible = 0;
			defaultConfigurationName = Release;
		};
		E75D92DD24DB6102008E11D3 /* Build configuration list for PBXNativeTarget "Calculadora IMC 3.0" */ = {
			isa = XCConfigurationList;
			buildConfigurations = (
				E75D92DE24DB6102008E11D3 /* Debug */,
				E75D92DF24DB6102008E11D3 /* Release */,
			);
			defaultConfigurationIsVisible = 0;
			defaultConfigurationName = Release;
		};
/* End XCConfigurationList section */

/* Begin XCVersionGroup section */
		E75D92D224DB6101008E11D3 /* Calculadora_IMC_3_0.xcdatamodeld */ = {
			isa = XCVersionGroup;
			children = (
				E75D92D324DB6101008E11D3 /* Calculadora_IMC_3_0.xcdatamodel */,
			);
			currentVersion = E75D92D324DB6101008E11D3 /* Calculadora_IMC_3_0.xcdatamodel */;
			path = Calculadora_IMC_3_0.xcdatamodeld;
			sourceTree = "<group>";
			versionGroupType = wrapper.xcdatamodel;
		};
/* End XCVersionGroup section */
	};
	rootObject = E75D92BE24DB6101008E11D3 /* Project object */;
}
