// !$*UTF8*$!
{
	archiveVersion = 1;
	classes = {
	};
	objectVersion = 50;
	objects = {

/* Begin PBXBuildFile section */
		E73131DC24D8C8F100098831 /* AppDelegate.swift in Sources */ = {isa = PBXBuildFile; fileRef = E73131DB24D8C8F100098831 /* AppDelegate.swift */; };
		E73131DE24D8C8F100098831 /* SceneDelegate.swift in Sources */ = {isa = PBXBuildFile; fileRef = E73131DD24D8C8F100098831 /* SceneDelegate.swift */; };
		E73131E024D8C8F100098831 /* ViewController.swift in Sources */ = {isa = PBXBuildFile; fileRef = E73131DF24D8C8F100098831 /* ViewController.swift */; };
		E73131E324D8C8F100098831 /* Main.storyboard in Resources */ = {isa = PBXBuildFile; fileRef = E73131E124D8C8F100098831 /* Main.storyboard */; };
		E73131E624D8C8F100098831 /* Polimorfismo.xcdatamodeld in Sources */ = {isa = PBXBuildFile; fileRef = E73131E424D8C8F100098831 /* Polimorfismo.xcdatamodeld */; };
		E73131E824D8C8F400098831 /* Assets.xcassets in Resources */ = {isa = PBXBuildFile; fileRef = E73131E724D8C8F400098831 /* Assets.xcassets */; };
		E73131EB24D8C8F400098831 /* LaunchScreen.storyboard in Resources */ = {isa = PBXBuildFile; fileRef = E73131E924D8C8F400098831 /* LaunchScreen.storyboard */; };
/* End PBXBuildFile section */

/* Begin PBXFileReference section */
		E73131D824D8C8F100098831 /* Polimorfismo.app */ = {isa = PBXFileReference; explicitFileType = wrapper.application; includeInIndex = 0; path = Polimorfismo.app; sourceTree = BUILT_PRODUCTS_DIR; };
		E73131DB24D8C8F100098831 /* AppDelegate.swift */ = {isa = PBXFileReference; lastKnownFileType = sourcecode.swift; path = AppDelegate.swift; sourceTree = "<group>"; };
		E73131DD24D8C8F100098831 /* SceneDelegate.swift */ = {isa = PBXFileReference; lastKnownFileType = sourcecode.swift; path = SceneDelegate.swift; sourceTree = "<group>"; };
		E73131DF24D8C8F100098831 /* ViewController.swift */ = {isa = PBXFileReference; lastKnownFileType = sourcecode.swift; path = ViewController.swift; sourceTree = "<group>"; };
		E73131E224D8C8F100098831 /* Base */ = {isa = PBXFileReference; lastKnownFileType = file.storyboard; name = Base; path = Base.lproj/Main.storyboard; sourceTree = "<group>"; };
		E73131E524D8C8F100098831 /* Polimorfismo.xcdatamodel */ = {isa = PBXFileReference; lastKnownFileType = wrapper.xcdatamodel; path = Polimorfismo.xcdatamodel; sourceTree = "<group>"; };
		E73131E724D8C8F400098831 /* Assets.xcassets */ = {isa = PBXFileReference; lastKnownFileType = folder.assetcatalog; path = Assets.xcassets; sourceTree = "<group>"; };
		E73131EA24D8C8F400098831 /* Base */ = {isa = PBXFileReference; lastKnownFileType = file.storyboard; name = Base; path = Base.lproj/LaunchScreen.storyboard; sourceTree = "<group>"; };
		E73131EC24D8C8F400098831 /* Info.plist */ = {isa = PBXFileReference; lastKnownFileType = text.plist.xml; path = Info.plist; sourceTree = "<group>"; };
/* End PBXFileReference section */

/* Begin PBXFrameworksBuildPhase section */
		E73131D524D8C8F100098831 /* Frameworks */ = {
			isa = PBXFrameworksBuildPhase;
			buildActionMask = 2147483647;
			files = (
			);
			runOnlyForDeploymentPostprocessing = 0;
		};
/* End PBXFrameworksBuildPhase section */

/* Begin PBXGroup section */
		E73131CF24D8C8F100098831 = {
			isa = PBXGroup;
			children = (
				E73131DA24D8C8F100098831 /* Polimorfismo */,
				E73131D924D8C8F100098831 /* Products */,
			);
			sourceTree = "<group>";
		};
		E73131D924D8C8F100098831 /* Products */ = {
			isa = PBXGroup;
			children = (
				E73131D824D8C8F100098831 /* Polimorfismo.app */,
			);
			name = Products;
			sourceTree = "<group>";
		};
		E73131DA24D8C8F100098831 /* Polimorfismo */ = {
			isa = PBXGroup;
			children = (
				E73131DB24D8C8F100098831 /* AppDelegate.swift */,
				E73131DD24D8C8F100098831 /* SceneDelegate.swift */,
				E73131DF24D8C8F100098831 /* ViewController.swift */,
				E73131E124D8C8F100098831 /* Main.storyboard */,
				E73131E724D8C8F400098831 /* Assets.xcassets */,
				E73131E924D8C8F400098831 /* LaunchScreen.storyboard */,
				E73131EC24D8C8F400098831 /* Info.plist */,
				E73131E424D8C8F100098831 /* Polimorfismo.xcdatamodeld */,
			);
			path = Polimorfismo;
			sourceTree = "<group>";
		};
/* End PBXGroup section */

/* Begin PBXNativeTarget section */
		E73131D724D8C8F100098831 /* Polimorfismo */ = {
			isa = PBXNativeTarget;
			buildConfigurationList = E73131EF24D8C8F400098831 /* Build configuration list for PBXNativeTarget "Polimorfismo" */;
			buildPhases = (
				E73131D424D8C8F100098831 /* Sources */,
				E73131D524D8C8F100098831 /* Frameworks */,
				E73131D624D8C8F100098831 /* Resources */,
			);
			buildRules = (
			);
			dependencies = (
			);
			name = Polimorfismo;
			productName = Polimorfismo;
			productReference = E73131D824D8C8F100098831 /* Polimorfismo.app */;
			productType = "com.apple.product-type.application";
		};
/* End PBXNativeTarget section */

/* Begin PBXProject section */
		E73131D024D8C8F100098831 /* Project object */ = {
			isa = PBXProject;
			attributes = {
				LastSwiftUpdateCheck = 1160;
				LastUpgradeCheck = 1160;
				ORGANIZATIONNAME = "Vitor Gomes";
				TargetAttributes = {
					E73131D724D8C8F100098831 = {
						CreatedOnToolsVersion = 11.6;
					};
				};
			};
			buildConfigurationList = E73131D324D8C8F100098831 /* Build configuration list for PBXProject "Polimorfismo" */;
			compatibilityVersion = "Xcode 9.3";
			developmentRegion = en;
			hasScannedForEncodings = 0;
			knownRegions = (
				en,
				Base,
			);
			mainGroup = E73131CF24D8C8F100098831;
			productRefGroup = E73131D924D8C8F100098831 /* Products */;
			projectDirPath = "";
			projectRoot = "";
			targets = (
				E73131D724D8C8F100098831 /* Polimorfismo */,
			);
		};
/* End PBXProject section */

/* Begin PBXResourcesBuildPhase section */
		E73131D624D8C8F100098831 /* Resources */ = {
			isa = PBXResourcesBuildPhase;
			buildActionMask = 2147483647;
			files = (
				E73131EB24D8C8F400098831 /* LaunchScreen.storyboard in Resources */,
				E73131E824D8C8F400098831 /* Assets.xcassets in Resources */,
				E73131E324D8C8F100098831 /* Main.storyboard in Resources */,
			);
			runOnlyForDeploymentPostprocessing = 0;
		};
/* End PBXResourcesBuildPhase section */

/* Begin PBXSourcesBuildPhase section */
		E73131D424D8C8F100098831 /* Sources */ = {
			isa = PBXSourcesBuildPhase;
			buildActionMask = 2147483647;
			files = (
				E73131E024D8C8F100098831 /* ViewController.swift in Sources */,
				E73131E624D8C8F100098831 /* Polimorfismo.xcdatamodeld in Sources */,
				E73131DC24D8C8F100098831 /* AppDelegate.swift in Sources */,
				E73131DE24D8C8F100098831 /* SceneDelegate.swift in Sources */,
			);
			runOnlyForDeploymentPostprocessing = 0;
		};
/* End PBXSourcesBuildPhase section */

/* Begin PBXVariantGroup section */
		E73131E124D8C8F100098831 /* Main.storyboard */ = {
			isa = PBXVariantGroup;
			children = (
				E73131E224D8C8F100098831 /* Base */,
			);
			name = Main.storyboard;
			sourceTree = "<group>";
		};
		E73131E924D8C8F400098831 /* LaunchScreen.storyboard */ = {
			isa = PBXVariantGroup;
			children = (
				E73131EA24D8C8F400098831 /* Base */,
			);
			name = LaunchScreen.storyboard;
			sourceTree = "<group>";
		};
/* End PBXVariantGroup section */

/* Begin XCBuildConfiguration section */
		E73131ED24D8C8F400098831 /* Debug */ = {
			isa = XCBuildConfiguration;
			buildSettings = {
				ALWAYS_SEARCH_USER_PATHS = NO;
				CLANG_ANALYZER_NONNULL = YES;
				CLANG_ANALYZER_NUMBER_OBJECT_CONVERSION = YES_AGGRESSIVE;
				CLANG_CXX_LANGUAGE_STANDARD = "gnu++14";
				CLANG_CXX_LIBRARY = "libc++";
				CLANG_ENABLE_MODULES = YES;
				CLANG_ENABLE_OBJC_ARC = YES;
				CLANG_ENABLE_OBJC_WEAK = YES;
				CLANG_WARN_BLOCK_CAPTURE_AUTORELEASING = YES;
				CLANG_WARN_BOOL_CONVERSION = YES;
				CLANG_WARN_COMMA = YES;
				CLANG_WARN_CONSTANT_CONVERSION = YES;
				CLANG_WARN_DEPRECATED_OBJC_IMPLEMENTATIONS = YES;
				CLANG_WARN_DIRECT_OBJC_ISA_USAGE = YES_ERROR;
				CLANG_WARN_DOCUMENTATION_COMMENTS = YES;
				CLANG_WARN_EMPTY_BODY = YES;
				CLANG_WARN_ENUM_CONVERSION = YES;
				CLANG_WARN_INFINITE_RECURSION = YES;
				CLANG_WARN_INT_CONVERSION = YES;
				CLANG_WARN_NON_LITERAL_NULL_CONVERSION = YES;
				CLANG_WARN_OBJC_IMPLICIT_RETAIN_SELF = YES;
				CLANG_WARN_OBJC_LITERAL_CONVERSION = YES;
				CLANG_WARN_OBJC_ROOT_CLASS = YES_ERROR;
				CLANG_WARN_RANGE_LOOP_ANALYSIS = YES;
				CLANG_WARN_STRICT_PROTOTYPES = YES;
				CLANG_WARN_SUSPICIOUS_MOVE = YES;
				CLANG_WARN_UNGUARDED_AVAILABILITY = YES_AGGRESSIVE;
				CLANG_WARN_UNREACHABLE_CODE = YES;
				CLANG_WARN__DUPLICATE_METHOD_MATCH = YES;
				COPY_PHASE_STRIP = NO;
				DEBUG_INFORMATION_FORMAT = dwarf;
				ENABLE_STRICT_OBJC_MSGSEND = YES;
				ENABLE_TESTABILITY = YES;
				GCC_C_LANGUAGE_STANDARD = gnu11;
				GCC_DYNAMIC_NO_PIC = NO;
				GCC_NO_COMMON_BLOCKS = YES;
				GCC_OPTIMIZATION_LEVEL = 0;
				GCC_PREPROCESSOR_DEFINITIONS = (
					"DEBUG=1",
					"$(inherited)",
				);
				GCC_WARN_64_TO_32_BIT_CONVERSION = YES;
				GCC_WARN_ABOUT_RETURN_TYPE = YES_ERROR;
				GCC_WARN_UNDECLARED_SELECTOR = YES;
				GCC_WARN_UNINITIALIZED_AUTOS = YES_AGGRESSIVE;
				GCC_WARN_UNUSED_FUNCTION = YES;
				GCC_WARN_UNUSED_VARIABLE = YES;
				IPHONEOS_DEPLOYMENT_TARGET = 13.6;
				MTL_ENABLE_DEBUG_INFO = INCLUDE_SOURCE;
				MTL_FAST_MATH = YES;
				ONLY_ACTIVE_ARCH = YES;
				SDKROOT = iphoneos;
				SWIFT_ACTIVE_COMPILATION_CONDITIONS = DEBUG;
				SWIFT_OPTIMIZATION_LEVEL = "-Onone";
			};
			name = Debug;
		};
		E73131EE24D8C8F400098831 /* Release */ = {
			isa = XCBuildConfiguration;
			buildSettings = {
				ALWAYS_SEARCH_USER_PATHS = NO;
				CLANG_ANALYZER_NONNULL = YES;
				CLANG_ANALYZER_NUMBER_OBJECT_CONVERSION = YES_AGGRESSIVE;
				CLANG_CXX_LANGUAGE_STANDARD = "gnu++14";
				CLANG_CXX_LIBRARY = "libc++";
				CLANG_ENABLE_MODULES = YES;
				CLANG_ENABLE_OBJC_ARC = YES;
				CLANG_ENABLE_OBJC_WEAK = YES;
				CLANG_WARN_BLOCK_CAPTURE_AUTORELEASING = YES;
				CLANG_WARN_BOOL_CONVERSION = YES;
				CLANG_WARN_COMMA = YES;
				CLANG_WARN_CONSTANT_CONVERSION = YES;
				CLANG_WARN_DEPRECATED_OBJC_IMPLEMENTATIONS = YES;
				CLANG_WARN_DIRECT_OBJC_ISA_USAGE = YES_ERROR;
				CLANG_WARN_DOCUMENTATION_COMMENTS = YES;
				CLANG_WARN_EMPTY_BODY = YES;
				CLANG_WARN_ENUM_CONVERSION = YES;
				CLANG_WARN_INFINITE_RECURSION = YES;
				CLANG_WARN_INT_CONVERSION = YES;
				CLANG_WARN_NON_LITERAL_NULL_CONVERSION = YES;
				CLANG_WARN_OBJC_IMPLICIT_RETAIN_SELF = YES;
				CLANG_WARN_OBJC_LITERAL_CONVERSION = YES;
				CLANG_WARN_OBJC_ROOT_CLASS = YES_ERROR;
				CLANG_WARN_RANGE_LOOP_ANALYSIS = YES;
				CLANG_WARN_STRICT_PROTOTYPES = YES;
				CLANG_WARN_SUSPICIOUS_MOVE = YES;
				CLANG_WARN_UNGUARDED_AVAILABILITY = YES_AGGRESSIVE;
				CLANG_WARN_UNREACHABLE_CODE = YES;
				CLANG_WARN__DUPLICATE_METHOD_MATCH = YES;
				COPY_PHASE_STRIP = NO;
				DEBUG_INFORMATION_FORMAT = "dwarf-with-dsym";
				ENABLE_NS_ASSERTIONS = NO;
				ENABLE_STRICT_OBJC_MSGSEND = YES;
				GCC_C_LANGUAGE_STANDARD = gnu11;
				GCC_NO_COMMON_BLOCKS = YES;
				GCC_WARN_64_TO_32_BIT_CONVERSION = YES;
				GCC_WARN_ABOUT_RETURN_TYPE = YES_ERROR;
				GCC_WARN_UNDECLARED_SELECTOR = YES;
				GCC_WARN_UNINITIALIZED_AUTOS = YES_AGGRESSIVE;
				GCC_WARN_UNUSED_FUNCTION = YES;
				GCC_WARN_UNUSED_VARIABLE = YES;
				IPHONEOS_DEPLOYMENT_TARGET = 13.6;
				MTL_ENABLE_DEBUG_INFO = NO;
				MTL_FAST_MATH = YES;
				SDKROOT = iphoneos;
				SWIFT_COMPILATION_MODE = wholemodule;
				SWIFT_OPTIMIZATION_LEVEL = "-O";
				VALIDATE_PRODUCT = YES;
			};
			name = Release;
		};
		E73131F024D8C8F400098831 /* Debug */ = {
			isa = XCBuildConfiguration;
			buildSettings = {
				ASSETCATALOG_COMPILER_APPICON_NAME = AppIcon;
				CODE_SIGN_STYLE = Automatic;
				INFOPLIST_FILE = Polimorfismo/Info.plist;
				LD_RUNPATH_SEARCH_PATHS = (
					"$(inherited)",
					"@executable_path/Frameworks",
				);
				PRODUCT_BUNDLE_IDENTIFIER = gomesproductions.Polimorfismo;
				PRODUCT_NAME = "$(TARGET_NAME)";
				SWIFT_VERSION = 5.0;
				TARGETED_DEVICE_FAMILY = "1,2";
			};
			name = Debug;
		};
		E73131F124D8C8F400098831 /* Release */ = {
			isa = XCBuildConfiguration;
			buildSettings = {
				ASSETCATALOG_COMPILER_APPICON_NAME = AppIcon;
				CODE_SIGN_STYLE = Automatic;
				INFOPLIST_FILE = Polimorfismo/Info.plist;
				LD_RUNPATH_SEARCH_PATHS = (
					"$(inherited)",
					"@executable_path/Frameworks",
				);
				PRODUCT_BUNDLE_IDENTIFIER = gomesproductions.Polimorfismo;
				PRODUCT_NAME = "$(TARGET_NAME)";
				SWIFT_VERSION = 5.0;
				TARGETED_DEVICE_FAMILY = "1,2";
			};
			name = Release;
		};
/* End XCBuildConfiguration section */

/* Begin XCConfigurationList section */
		E73131D324D8C8F100098831 /* Build configuration list for PBXProject "Polimorfismo" */ = {
			isa = XCConfigurationList;
			buildConfigurations = (
				E73131ED24D8C8F400098831 /* Debug */,
				E73131EE24D8C8F400098831 /* Release */,
			);
			defaultConfigurationIsVisible = 0;
			defaultConfigurationName = Release;
		};
		E73131EF24D8C8F400098831 /* Build configuration list for PBXNativeTarget "Polimorfismo" */ = {
			isa = XCConfigurationList;
			buildConfigurations = (
				E73131F024D8C8F400098831 /* Debug */,
				E73131F124D8C8F400098831 /* Release */,
			);
			defaultConfigurationIsVisible = 0;
			defaultConfigurationName = Release;
		};
/* End XCConfigurationList section */

/* Begin XCVersionGroup section */
		E73131E424D8C8F100098831 /* Polimorfismo.xcdatamodeld */ = {
			isa = XCVersionGroup;
			children = (
				E73131E524D8C8F100098831 /* Polimorfismo.xcdatamodel */,
			);
			currentVersion = E73131E524D8C8F100098831 /* Polimorfismo.xcdatamodel */;
			path = Polimorfismo.xcdatamodeld;
			sourceTree = "<group>";
			versionGroupType = wrapper.xcdatamodel;
		};
/* End XCVersionGroup section */
	};
	rootObject = E73131D024D8C8F100098831 /* Project object */;
}
